<?xml version="1.0" encoding="utf-8"?>
<Project ToolsVersion="4.0" xmlns="http://schemas.microsoft.com/developer/msbuild/2003">
  <ItemGroup>
    <Filter Include="Base">
      <UniqueIdentifier>{4FC737F1-C7A5-4376-A066-2A32D752A2FF}</UniqueIdentifier>
      <Extensions>cpp;c;cc;cxx;def;odl;idl;hpj;bat;asm;asmx</Extensions>
    </Filter>
    <Filter Include="Environment">
      <UniqueIdentifier>{08e2e69a-bd80-4908-b550-3e3a798f709d}</UniqueIdentifier>
    </Filter>
    <Filter Include="Object">
      <UniqueIdentifier>{289c0275-5519-4689-a4a1-c5e893a55df4}</UniqueIdentifier>
    </Filter>
  </ItemGroup>
  <ItemGroup>
    <ClCompile Include="Start.cpp">
      <Filter>Base</Filter>
    </ClCompile>
    <ClCompile Include="Asteroid.cpp">
      <Filter>Object</Filter>
    </ClCompile>
    <ClCompile Include="Building.cpp">
      <Filter>Object</Filter>
    </ClCompile>
    <ClCompile Include="Ship.cpp">
      <Filter>Object</Filter>
    </ClCompile>
    <ClCompile Include="Renderer.cpp">
      <Filter>Base</Filter>
    </ClCompile>
    <ClCompile Include="Rain.cpp">
      <Filter>Object</Filter>
    </ClCompile>
  </ItemGroup>
  <ItemGroup>
    <ClInclude Include="Renderer.h">
      <Filter>Base</Filter>
    </ClInclude>
    <ClInclude Include="Asteroid.h">
      <Filter>Object</Filter>
    </ClInclude>
    <ClInclude Include="Building.h">
      <Filter>Object</Filter>
    </ClInclude>
    <ClInclude Include="Ship.h">
      <Filter>Object</Filter>
    </ClInclude>
    <ClInclude Include="Rain.h">
      <Filter>Object</Filter>
    </ClInclude>
  </ItemGroup>
</Project>